{
  "name": "tugas_a3_jquery",
  "version": "1.0.0",
  "lockfileVersion": 2,
  "requires": true,
  "packages": {
    "": {
      "name": "tugas_a3_jquery",
      "version": "1.0.0",
      "license": "ISC",
      "dependencies": {
        "tugas_a3_jquery": "^1.0.0"
      }
    },
    "node_modules/tugas_a3_jquery": {
      "version": "1.0.0",
      "resolved": "https://registry.npmjs.org/tugas_a3_jquery/-/tugas_a3_jquery-1.0.0.tgz",
      "integrity": "sha512-SQHfP3+rULJM7sEWpFg5/oL7JvrbilBBXy1CD+/2rU20HohbbdUnBL5UPT/HDB4jI+gEamR9CNLYuj4bUmOxLw=="
    }
  },
  "dependencies": {
    "tugas_a3_jquery": {
      "version": "1.0.0",
      "resolved": "https://registry.npmjs.org/tugas_a3_jquery/-/tugas_a3_jquery-1.0.0.tgz",
      "integrity": "sha512-SQHfP3+rULJM7sEWpFg5/oL7JvrbilBBXy1CD+/2rU20HohbbdUnBL5UPT/HDB4jI+gEamR9CNLYuj4bUmOxLw=="
    }
  }
}
